
Microsoft Visual Studio Solution File, Format Version 12.00
# Visual Studio Version 17
VisualStudioVersion = 17.14.36429.23 d17.14
MinimumVisualStudioVersion = 10.0.40219.1
Project("{FAE04EC0-301F-11D3-BF4B-00C04F79EFBC}") = "BMI計算機", "BMI計算機.csproj", "{B9110807-9410-47CA-8CB8-702C201F703E}"
EndProject
Global
	GlobalSection(SolutionConfigurationPlatforms) = preSolution
		Debug|Any CPU = Debug|Any CPU
		Release|Any CPU = Release|Any CPU
	EndGlobalSection
	GlobalSection(ProjectConfigurationPlatforms) = postSolution
		{B9110807-9410-47CA-8CB8-702C201F703E}.Debug|Any CPU.ActiveCfg = Debug|Any CPU
		{B9110807-9410-47CA-8CB8-702C201F703E}.Debug|Any CPU.Build.0 = Debug|Any CPU
		{B9110807-9410-47CA-8CB8-702C201F703E}.Release|Any CPU.ActiveCfg = Release|Any CPU
		{B9110807-9410-47CA-8CB8-702C201F703E}.Release|Any CPU.Build.0 = Release|Any CPU
	EndGlobalSection
	GlobalSection(SolutionProperties) = preSolution
		HideSolutionNode = FALSE
	EndGlobalSection
	GlobalSection(ExtensibilityGlobals) = postSolution
		SolutionGuid = {7D1C5E65-E17E-49C8-9459-3FB9C576F7FC}
	EndGlobalSection
EndGlobal
